
Microsoft Visual Studio Solution File, Format Version 12.00
# Visual Studio Version 16
VisualStudioVersion = 16.0.30011.22
MinimumVisualStudioVersion = 10.0.40219.1
Project("{FAE04EC0-301F-11D3-BF4B-00C04F79EFBC}") = "carlosalan", "carlosalan\carlosalan.csproj", "{CAEBBC2F-D538-44F5-A4E0-496E10671455}"
EndProject
Global
	GlobalSection(SolutionConfigurationPlatforms) = preSolution
		Debug|Any CPU = Debug|Any CPU
		Release|Any CPU = Release|Any CPU
	EndGlobalSection
	GlobalSection(ProjectConfigurationPlatforms) = postSolution
		{CAEBBC2F-D538-44F5-A4E0-496E10671455}.Debug|Any CPU.ActiveCfg = Debug|Any CPU
		{CAEBBC2F-D538-44F5-A4E0-496E10671455}.Debug|Any CPU.Build.0 = Debug|Any CPU
		{CAEBBC2F-D538-44F5-A4E0-496E10671455}.Release|Any CPU.ActiveCfg = Release|Any CPU
		{CAEBBC2F-D538-44F5-A4E0-496E10671455}.Release|Any CPU.Build.0 = Release|Any CPU
	EndGlobalSection
	GlobalSection(SolutionProperties) = preSolution
		HideSolutionNode = FALSE
	EndGlobalSection
	GlobalSection(ExtensibilityGlobals) = postSolution
		SolutionGuid = {1535B2C5-5959-4D4B-A9E1-0BA99BF60AC5}
	EndGlobalSection
EndGlobal
